
Microsoft Visual Studio Solution File, Format Version 12.00
# Visual Studio Version 16
VisualStudioVersion = 16.0.31005.135
MinimumVisualStudioVersion = 10.0.40219.1
Project("{FAE04EC0-301F-11D3-BF4B-00C04F79EFBC}") = "TP1PBO2021", "TP1PBO2021\TP1PBO2021.csproj", "{59B18DC0-1942-4E41-85EE-79C3592AD721}"
EndProject
Global
	GlobalSection(SolutionConfigurationPlatforms) = preSolution
		Debug|Any CPU = Debug|Any CPU
		Release|Any CPU = Release|Any CPU
	EndGlobalSection
	GlobalSection(ProjectConfigurationPlatforms) = postSolution
		{59B18DC0-1942-4E41-85EE-79C3592AD721}.Debug|Any CPU.ActiveCfg = Debug|Any CPU
		{59B18DC0-1942-4E41-85EE-79C3592AD721}.Debug|Any CPU.Build.0 = Debug|Any CPU
		{59B18DC0-1942-4E41-85EE-79C3592AD721}.Release|Any CPU.ActiveCfg = Release|Any CPU
		{59B18DC0-1942-4E41-85EE-79C3592AD721}.Release|Any CPU.Build.0 = Release|Any CPU
	EndGlobalSection
	GlobalSection(SolutionProperties) = preSolution
		HideSolutionNode = FALSE
	EndGlobalSection
	GlobalSection(ExtensibilityGlobals) = postSolution
		SolutionGuid = {BA3D08AF-606F-4477-9E67-1A23D202EB44}
	EndGlobalSection
EndGlobal
